Microsoft Visual Studio Solution File, Format Version 12.00
# Visual Studio Version 17
VisualStudioVersion = 17.5.2.0
MinimumVisualStudioVersion = 10.0.40219.1
Project("{2150E333-8FDC-42A3-9474-1A3956D46DE8}") = "CodingBasicsSession", "CodingBasicsSession", "{1050BC6F-6C12-7FEE-AA55-D175D2BB48E2}"
EndProject
Project("{2150E333-8FDC-42A3-9474-1A3956D46DE8}") = "src", "src", "{93DDB72D-C4D2-62D3-026E-AAADBC1F54CE}"
EndProject
Project("{FAE04EC0-301F-11D3-BF4B-00C04F79EFBC}") = "CodingBasics.Api", "CodingBasicsSession\src\CodingBasics.Api\CodingBasics.Api.csproj", "{E7F700A3-1CF9-CF85-6711-F044A957141D}"
EndProject
Project("{FAE04EC0-301F-11D3-BF4B-00C04F79EFBC}") = "CodingBasics.Infrastructure", "CodingBasicsSession\src\CodingBasics.Infrastructure\CodingBasics.Infrastructure.csproj", "{C8102996-E337-82D7-5EF4-6D6F6BD4AE05}"
EndProject
Project("{FAE04EC0-301F-11D3-BF4B-00C04F79EFBC}") = "CodingBasics.Application", "CodingBasicsSession\src\CodingBasics.Application\CodingBasics.Application.csproj", "{07DB9F39-8619-CA4B-34C9-7D2DB9E901BA}"
EndProject
Project("{FAE04EC0-301F-11D3-BF4B-00C04F79EFBC}") = "CodingBasics.Domain", "CodingBasicsSession\src\CodingBasics.Domain\CodingBasics.Domain.csproj", "{D65A99D4-DCC8-E158-6F63-AC1A228C45F9}"
EndProject
Global
	GlobalSection(SolutionConfigurationPlatforms) = preSolution
		Debug|Any CPU = Debug|Any CPU
		Release|Any CPU = Release|Any CPU
	EndGlobalSection
	GlobalSection(ProjectConfigurationPlatforms) = postSolution
		{E7F700A3-1CF9-CF85-6711-F044A957141D}.Debug|Any CPU.ActiveCfg = Debug|Any CPU
		{E7F700A3-1CF9-CF85-6711-F044A957141D}.Debug|Any CPU.Build.0 = Debug|Any CPU
		{E7F700A3-1CF9-CF85-6711-F044A957141D}.Release|Any CPU.ActiveCfg = Release|Any CPU
		{E7F700A3-1CF9-CF85-6711-F044A957141D}.Release|Any CPU.Build.0 = Release|Any CPU
		{C8102996-E337-82D7-5EF4-6D6F6BD4AE05}.Debug|Any CPU.ActiveCfg = Debug|Any CPU
		{C8102996-E337-82D7-5EF4-6D6F6BD4AE05}.Debug|Any CPU.Build.0 = Debug|Any CPU
		{C8102996-E337-82D7-5EF4-6D6F6BD4AE05}.Release|Any CPU.ActiveCfg = Release|Any CPU
		{C8102996-E337-82D7-5EF4-6D6F6BD4AE05}.Release|Any CPU.Build.0 = Release|Any CPU
		{07DB9F39-8619-CA4B-34C9-7D2DB9E901BA}.Debug|Any CPU.ActiveCfg = Debug|Any CPU
		{07DB9F39-8619-CA4B-34C9-7D2DB9E901BA}.Debug|Any CPU.Build.0 = Debug|Any CPU
		{07DB9F39-8619-CA4B-34C9-7D2DB9E901BA}.Release|Any CPU.ActiveCfg = Release|Any CPU
		{07DB9F39-8619-CA4B-34C9-7D2DB9E901BA}.Release|Any CPU.Build.0 = Release|Any CPU
		{D65A99D4-DCC8-E158-6F63-AC1A228C45F9}.Debug|Any CPU.ActiveCfg = Debug|Any CPU
		{D65A99D4-DCC8-E158-6F63-AC1A228C45F9}.Debug|Any CPU.Build.0 = Debug|Any CPU
		{D65A99D4-DCC8-E158-6F63-AC1A228C45F9}.Release|Any CPU.ActiveCfg = Release|Any CPU
		{D65A99D4-DCC8-E158-6F63-AC1A228C45F9}.Release|Any CPU.Build.0 = Release|Any CPU
	EndGlobalSection
	GlobalSection(SolutionProperties) = preSolution
		HideSolutionNode = FALSE
	EndGlobalSection
	GlobalSection(NestedProjects) = preSolution
		{93DDB72D-C4D2-62D3-026E-AAADBC1F54CE} = {1050BC6F-6C12-7FEE-AA55-D175D2BB48E2}
		{E7F700A3-1CF9-CF85-6711-F044A957141D} = {93DDB72D-C4D2-62D3-026E-AAADBC1F54CE}
		{C8102996-E337-82D7-5EF4-6D6F6BD4AE05} = {93DDB72D-C4D2-62D3-026E-AAADBC1F54CE}
		{07DB9F39-8619-CA4B-34C9-7D2DB9E901BA} = {93DDB72D-C4D2-62D3-026E-AAADBC1F54CE}
		{D65A99D4-DCC8-E158-6F63-AC1A228C45F9} = {93DDB72D-C4D2-62D3-026E-AAADBC1F54CE}
	EndGlobalSection
	GlobalSection(ExtensibilityGlobals) = postSolution
		SolutionGuid = {AE94F1F6-557D-44ED-B2C4-A2534C5FCCD9}
	EndGlobalSection
EndGlobal
